
Microsoft Visual Studio Solution File, Format Version 12.00
# Visual Studio 15
VisualStudioVersion = 15.0.26430.16
MinimumVisualStudioVersion = 10.0.40219.1
Project("{888888A0-9F3D-457C-B088-3A5042F75D52}") = "PythonApplication1", "PythonApplication1\PythonApplication1.pyproj", "{35AE262C-E1B4-45B0-B0C9-2B5FFB1CED60}"
EndProject
Project("{FAE04EC0-301F-11D3-BF4B-00C04F79EFBC}") = "CS_DLL", "CS_DLL\CS_DLL.csproj", "{A7A45E04-AF1E-4088-BB2D-199304D4669E}"
EndProject
Global
	GlobalSection(SolutionConfigurationPlatforms) = preSolution
		Debug|Any CPU = Debug|Any CPU
		Release|Any CPU = Release|Any CPU
	EndGlobalSection
	GlobalSection(ProjectConfigurationPlatforms) = postSolution
		{35AE262C-E1B4-45B0-B0C9-2B5FFB1CED60}.Debug|Any CPU.ActiveCfg = Debug|Any CPU
		{35AE262C-E1B4-45B0-B0C9-2B5FFB1CED60}.Release|Any CPU.ActiveCfg = Release|Any CPU
		{A7A45E04-AF1E-4088-BB2D-199304D4669E}.Debug|Any CPU.ActiveCfg = Debug|Any CPU
		{A7A45E04-AF1E-4088-BB2D-199304D4669E}.Debug|Any CPU.Build.0 = Debug|Any CPU
		{A7A45E04-AF1E-4088-BB2D-199304D4669E}.Release|Any CPU.ActiveCfg = Release|Any CPU
		{A7A45E04-AF1E-4088-BB2D-199304D4669E}.Release|Any CPU.Build.0 = Release|Any CPU
	EndGlobalSection
	GlobalSection(SolutionProperties) = preSolution
		HideSolutionNode = FALSE
	EndGlobalSection
	GlobalSection(ExtensibilityGlobals) = postSolution
		SolutionGuid = {9C9D4ACB-A7FA-41A3-B94C-94C446260C6E}
	EndGlobalSection
EndGlobal
